
Microsoft Visual Studio Solution File, Format Version 12.00
# Visual Studio 15
VisualStudioVersion = 15.0.26228.9
MinimumVisualStudioVersion = 10.0.40219.1
Project("{FAE04EC0-301F-11D3-BF4B-00C04F79EFBC}") = "FoodNearMe.Android", "FoodNearMe\FoodNearMe.Android\FoodNearMe.Android.csproj", "{0A5715FC-CB2F-4655-9F19-2CCE462C9CEA}"
EndProject
Project("{FAE04EC0-301F-11D3-BF4B-00C04F79EFBC}") = "FoodNearMe", "FoodNearMe\FoodNearMe\FoodNearMe.csproj", "{E4E1BAB6-B958-46E0-99EB-CF6E75606EE6}"
EndProject
Project("{FAE04EC0-301F-11D3-BF4B-00C04F79EFBC}") = "FoodNearMe.UWP", "FoodNearMe\FoodNearMe.UWP\FoodNearMe.UWP.csproj", "{FABD1719-6FEC-4E0F-ADFF-5C7579BAC555}"
EndProject
Project("{FAE04EC0-301F-11D3-BF4B-00C04F79EFBC}") = "FoodNearMe.iOS", "FoodNearMe\FoodNearMe.iOS\FoodNearMe.iOS.csproj", "{D75A5074-BAF3-40A9-B959-DC1345C547AE}"
EndProject
Global
	GlobalSection(SolutionConfigurationPlatforms) = preSolution
		Ad-Hoc|Any CPU = Ad-Hoc|Any CPU
		Ad-Hoc|ARM = Ad-Hoc|ARM
		Ad-Hoc|iPhone = Ad-Hoc|iPhone
		Ad-Hoc|iPhoneSimulator = Ad-Hoc|iPhoneSimulator
		Ad-Hoc|x64 = Ad-Hoc|x64
		Ad-Hoc|x86 = Ad-Hoc|x86
		AppStore|Any CPU = AppStore|Any CPU
		AppStore|ARM = AppStore|ARM
		AppStore|iPhone = AppStore|iPhone
		AppStore|iPhoneSimulator = AppStore|iPhoneSimulator
		AppStore|x64 = AppStore|x64
		AppStore|x86 = AppStore|x86
		Debug|Any CPU = Debug|Any CPU
		Debug|ARM = Debug|ARM
		Debug|iPhone = Debug|iPhone
		Debug|iPhoneSimulator = Debug|iPhoneSimulator
		Debug|x64 = Debug|x64
		Debug|x86 = Debug|x86
		Release|Any CPU = Release|Any CPU
		Release|ARM = Release|ARM
		Release|iPhone = Release|iPhone
		Release|iPhoneSimulator = Release|iPhoneSimulator
		Release|x64 = Release|x64
		Release|x86 = Release|x86
	EndGlobalSection
	GlobalSection(ProjectConfigurationPlatforms) = postSolution
		{0A5715FC-CB2F-4655-9F19-2CCE462C9CEA}.Ad-Hoc|Any CPU.ActiveCfg = Release|Any CPU
		{0A5715FC-CB2F-4655-9F19-2CCE462C9CEA}.Ad-Hoc|Any CPU.Build.0 = Release|Any CPU
		{0A5715FC-CB2F-4655-9F19-2CCE462C9CEA}.Ad-Hoc|Any CPU.Deploy.0 = Release|Any CPU
		{0A5715FC-CB2F-4655-9F19-2CCE462C9CEA}.Ad-Hoc|ARM.ActiveCfg = Release|Any CPU
		{0A5715FC-CB2F-4655-9F19-2CCE462C9CEA}.Ad-Hoc|ARM.Build.0 = Release|Any CPU
		{0A5715FC-CB2F-4655-9F19-2CCE462C9CEA}.Ad-Hoc|ARM.Deploy.0 = Release|Any CPU
		{0A5715FC-CB2F-4655-9F19-2CCE462C9CEA}.Ad-Hoc|iPhone.ActiveCfg = Release|Any CPU
		{0A5715FC-CB2F-4655-9F19-2CCE462C9CEA}.Ad-Hoc|iPhone.Build.0 = Release|Any CPU
		{0A5715FC-CB2F-4655-9F19-2CCE462C9CEA}.Ad-Hoc|iPhone.Deploy.0 = Release|Any CPU
		{0A5715FC-CB2F-4655-9F19-2CCE462C9CEA}.Ad-Hoc|iPhoneSimulator.ActiveCfg = Release|Any CPU
		{0A5715FC-CB2F-4655-9F19-2CCE462C9CEA}.Ad-Hoc|iPhoneSimulator.Build.0 = Release|Any CPU
		{0A5715FC-CB2F-4655-9F19-2CCE462C9CEA}.Ad-Hoc|iPhoneSimulator.Deploy.0 = Release|Any CPU
		{0A5715FC-CB2F-4655-9F19-2CCE462C9CEA}.Ad-Hoc|x64.ActiveCfg = Release|Any CPU
		{0A5715FC-CB2F-4655-9F19-2CCE462C9CEA}.Ad-Hoc|x64.Build.0 = Release|Any CPU
		{0A5715FC-CB2F-4655-9F19-2CCE462C9CEA}.Ad-Hoc|x64.Deploy.0 = Release|Any CPU
		{0A5715FC-CB2F-4655-9F19-2CCE462C9CEA}.Ad-Hoc|x86.ActiveCfg = Release|Any CPU
		{0A5715FC-CB2F-4655-9F19-2CCE462C9CEA}.Ad-Hoc|x86.Build.0 = Release|Any CPU
		{0A5715FC-CB2F-4655-9F19-2CCE462C9CEA}.Ad-Hoc|x86.Deploy.0 = Release|Any CPU
		{0A5715FC-CB2F-4655-9F19-2CCE462C9CEA}.AppStore|Any CPU.ActiveCfg = Release|Any CPU
		{0A5715FC-CB2F-4655-9F19-2CCE462C9CEA}.AppStore|Any CPU.Build.0 = Release|Any CPU
		{0A5715FC-CB2F-4655-9F19-2CCE462C9CEA}.AppStore|Any CPU.Deploy.0 = Release|Any CPU
		{0A5715FC-CB2F-4655-9F19-2CCE462C9CEA}.AppStore|ARM.ActiveCfg = Release|Any CPU
		{0A5715FC-CB2F-4655-9F19-2CCE462C9CEA}.AppStore|ARM.Build.0 = Release|Any CPU
		{0A5715FC-CB2F-4655-9F19-2CCE462C9CEA}.AppStore|ARM.Deploy.0 = Release|Any CPU
		{0A5715FC-CB2F-4655-9F19-2CCE462C9CEA}.AppStore|iPhone.ActiveCfg = Release|Any CPU
		{0A5715FC-CB2F-4655-9F19-2CCE462C9CEA}.AppStore|iPhone.Build.0 = Release|Any CPU
		{0A5715FC-CB2F-4655-9F19-2CCE462C9CEA}.AppStore|iPhone.Deploy.0 = Release|Any CPU
		{0A5715FC-CB2F-4655-9F19-2CCE462C9CEA}.AppStore|iPhoneSimulator.ActiveCfg = Release|Any CPU
		{0A5715FC-CB2F-4655-9F19-2CCE462C9CEA}.AppStore|iPhoneSimulator.Build.0 = Release|Any CPU
		{0A5715FC-CB2F-4655-9F19-2CCE462C9CEA}.AppStore|iPhoneSimulator.Deploy.0 = Release|Any CPU
		{0A5715FC-CB2F-4655-9F19-2CCE462C9CEA}.AppStore|x64.ActiveCfg = Release|Any CPU
		{0A5715FC-CB2F-4655-9F19-2CCE462C9CEA}.AppStore|x64.Build.0 = Release|Any CPU
		{0A5715FC-CB2F-4655-9F19-2CCE462C9CEA}.AppStore|x64.Deploy.0 = Release|Any CPU
		{0A5715FC-CB2F-4655-9F19-2CCE462C9CEA}.AppStore|x86.ActiveCfg = Release|Any CPU
		{0A5715FC-CB2F-4655-9F19-2CCE462C9CEA}.AppStore|x86.Build.0 = Release|Any CPU
		{0A5715FC-CB2F-4655-9F19-2CCE462C9CEA}.AppStore|x86.Deploy.0 = Release|Any CPU
		{0A5715FC-CB2F-4655-9F19-2CCE462C9CEA}.Debug|Any CPU.ActiveCfg = Debug|Any CPU
		{0A5715FC-CB2F-4655-9F19-2CCE462C9CEA}.Debug|Any CPU.Build.0 = Debug|Any CPU
		{0A5715FC-CB2F-4655-9F19-2CCE462C9CEA}.Debug|Any CPU.Deploy.0 = Debug|Any CPU
		{0A5715FC-CB2F-4655-9F19-2CCE462C9CEA}.Debug|ARM.ActiveCfg = Debug|Any CPU
		{0A5715FC-CB2F-4655-9F19-2CCE462C9CEA}.Debug|ARM.Build.0 = Debug|Any CPU
		{0A5715FC-CB2F-4655-9F19-2CCE462C9CEA}.Debug|ARM.Deploy.0 = Debug|Any CPU
		{0A5715FC-CB2F-4655-9F19-2CCE462C9CEA}.Debug|iPhone.ActiveCfg = Debug|Any CPU
		{0A5715FC-CB2F-4655-9F19-2CCE462C9CEA}.Debug|iPhone.Build.0 = Debug|Any CPU
		{0A5715FC-CB2F-4655-9F19-2CCE462C9CEA}.Debug|iPhone.Deploy.0 = Debug|Any CPU
		{0A5715FC-CB2F-4655-9F19-2CCE462C9CEA}.Debug|iPhoneSimulator.ActiveCfg = Debug|Any CPU
		{0A5715FC-CB2F-4655-9F19-2CCE462C9CEA}.Debug|iPhoneSimulator.Build.0 = Debug|Any CPU
		{0A5715FC-CB2F-4655-9F19-2CCE462C9CEA}.Debug|iPhoneSimulator.Deploy.0 = Debug|Any CPU
		{0A5715FC-CB2F-4655-9F19-2CCE462C9CEA}.Debug|x64.ActiveCfg = Debug|Any CPU
		{0A5715FC-CB2F-4655-9F19-2CCE462C9CEA}.Debug|x64.Build.0 = Debug|Any CPU
		{0A5715FC-CB2F-4655-9F19-2CCE462C9CEA}.Debug|x64.Deploy.0 = Debug|Any CPU
		{0A5715FC-CB2F-4655-9F19-2CCE462C9CEA}.Debug|x86.ActiveCfg = Debug|Any CPU
		{0A5715FC-CB2F-4655-9F19-2CCE462C9CEA}.Debug|x86.Build.0 = Debug|Any CPU
		{0A5715FC-CB2F-4655-9F19-2CCE462C9CEA}.Debug|x86.Deploy.0 = Debug|Any CPU
		{0A5715FC-CB2F-4655-9F19-2CCE462C9CEA}.Release|Any CPU.ActiveCfg = Release|Any CPU
		{0A5715FC-CB2F-4655-9F19-2CCE462C9CEA}.Release|Any CPU.Build.0 = Release|Any CPU
		{0A5715FC-CB2F-4655-9F19-2CCE462C9CEA}.Release|Any CPU.Deploy.0 = Release|Any CPU
		{0A5715FC-CB2F-4655-9F19-2CCE462C9CEA}.Release|ARM.ActiveCfg = Release|Any CPU
		{0A5715FC-CB2F-4655-9F19-2CCE462C9CEA}.Release|ARM.Build.0 = Release|Any CPU
		{0A5715FC-CB2F-4655-9F19-2CCE462C9CEA}.Release|ARM.Deploy.0 = Release|Any CPU
		{0A5715FC-CB2F-4655-9F19-2CCE462C9CEA}.Release|iPhone.ActiveCfg = Release|Any CPU
		{0A5715FC-CB2F-4655-9F19-2CCE462C9CEA}.Release|iPhone.Build.0 = Release|Any CPU
		{0A5715FC-CB2F-4655-9F19-2CCE462C9CEA}.Release|iPhone.Deploy.0 = Release|Any CPU
		{0A5715FC-CB2F-4655-9F19-2CCE462C9CEA}.Release|iPhoneSimulator.ActiveCfg = Release|Any CPU
		{0A5715FC-CB2F-4655-9F19-2CCE462C9CEA}.Release|iPhoneSimulator.Build.0 = Release|Any CPU
		{0A5715FC-CB2F-4655-9F19-2CCE462C9CEA}.Release|iPhoneSimulator.Deploy.0 = Release|Any CPU
		{0A5715FC-CB2F-4655-9F19-2CCE462C9CEA}.Release|x64.ActiveCfg = Release|Any CPU
		{0A5715FC-CB2F-4655-9F19-2CCE462C9CEA}.Release|x64.Build.0 = Release|Any CPU
		{0A5715FC-CB2F-4655-9F19-2CCE462C9CEA}.Release|x64.Deploy.0 = Release|Any CPU
		{0A5715FC-CB2F-4655-9F19-2CCE462C9CEA}.Release|x86.ActiveCfg = Release|Any CPU
		{0A5715FC-CB2F-4655-9F19-2CCE462C9CEA}.Release|x86.Build.0 = Release|Any CPU
		{0A5715FC-CB2F-4655-9F19-2CCE462C9CEA}.Release|x86.Deploy.0 = Release|Any CPU
		{E4E1BAB6-B958-46E0-99EB-CF6E75606EE6}.Ad-Hoc|Any CPU.ActiveCfg = Release|Any CPU
		{E4E1BAB6-B958-46E0-99EB-CF6E75606EE6}.Ad-Hoc|Any CPU.Build.0 = Release|Any CPU
		{E4E1BAB6-B958-46E0-99EB-CF6E75606EE6}.Ad-Hoc|ARM.ActiveCfg = Release|Any CPU
		{E4E1BAB6-B958-46E0-99EB-CF6E75606EE6}.Ad-Hoc|ARM.Build.0 = Release|Any CPU
		{E4E1BAB6-B958-46E0-99EB-CF6E75606EE6}.Ad-Hoc|iPhone.ActiveCfg = Release|Any CPU
		{E4E1BAB6-B958-46E0-99EB-CF6E75606EE6}.Ad-Hoc|iPhone.Build.0 = Release|Any CPU
		{E4E1BAB6-B958-46E0-99EB-CF6E75606EE6}.Ad-Hoc|iPhoneSimulator.ActiveCfg = Release|Any CPU
		{E4E1BAB6-B958-46E0-99EB-CF6E75606EE6}.Ad-Hoc|iPhoneSimulator.Build.0 = Release|Any CPU
		{E4E1BAB6-B958-46E0-99EB-CF6E75606EE6}.Ad-Hoc|x64.ActiveCfg = Release|Any CPU
		{E4E1BAB6-B958-46E0-99EB-CF6E75606EE6}.Ad-Hoc|x64.Build.0 = Release|Any CPU
		{E4E1BAB6-B958-46E0-99EB-CF6E75606EE6}.Ad-Hoc|x86.ActiveCfg = Release|Any CPU
		{E4E1BAB6-B958-46E0-99EB-CF6E75606EE6}.Ad-Hoc|x86.Build.0 = Release|Any CPU
		{E4E1BAB6-B958-46E0-99EB-CF6E75606EE6}.AppStore|Any CPU.ActiveCfg = Release|Any CPU
		{E4E1BAB6-B958-46E0-99EB-CF6E75606EE6}.AppStore|Any CPU.Build.0 = Release|Any CPU
		{E4E1BAB6-B958-46E0-99EB-CF6E75606EE6}.AppStore|ARM.ActiveCfg = Release|Any CPU
		{E4E1BAB6-B958-46E0-99EB-CF6E75606EE6}.AppStore|ARM.Build.0 = Release|Any CPU
		{E4E1BAB6-B958-46E0-99EB-CF6E75606EE6}.AppStore|iPhone.ActiveCfg = Release|Any CPU
		{E4E1BAB6-B958-46E0-99EB-CF6E75606EE6}.AppStore|iPhone.Build.0 = Release|Any CPU
		{E4E1BAB6-B958-46E0-99EB-CF6E75606EE6}.AppStore|iPhoneSimulator.ActiveCfg = Release|Any CPU
		{E4E1BAB6-B958-46E0-99EB-CF6E75606EE6}.AppStore|iPhoneSimulator.Build.0 = Release|Any CPU
		{E4E1BAB6-B958-46E0-99EB-CF6E75606EE6}.AppStore|x64.ActiveCfg = Release|Any CPU
		{E4E1BAB6-B958-46E0-99EB-CF6E75606EE6}.AppStore|x64.Build.0 = Release|Any CPU
		{E4E1BAB6-B958-46E0-99EB-CF6E75606EE6}.AppStore|x86.ActiveCfg = Release|Any CPU
		{E4E1BAB6-B958-46E0-99EB-CF6E75606EE6}.AppStore|x86.Build.0 = Release|Any CPU
		{E4E1BAB6-B958-46E0-99EB-CF6E75606EE6}.Debug|Any CPU.ActiveCfg = Debug|Any CPU
		{E4E1BAB6-B958-46E0-99EB-CF6E75606EE6}.Debug|Any CPU.Build.0 = Debug|Any CPU
		{E4E1BAB6-B958-46E0-99EB-CF6E75606EE6}.Debug|ARM.ActiveCfg = Debug|Any CPU
		{E4E1BAB6-B958-46E0-99EB-CF6E75606EE6}.Debug|ARM.Build.0 = Debug|Any CPU
		{E4E1BAB6-B958-46E0-99EB-CF6E75606EE6}.Debug|iPhone.ActiveCfg = Debug|Any CPU
		{E4E1BAB6-B958-46E0-99EB-CF6E75606EE6}.Debug|iPhone.Build.0 = Debug|Any CPU
		{E4E1BAB6-B958-46E0-99EB-CF6E75606EE6}.Debug|iPhoneSimulator.ActiveCfg = Debug|Any CPU
		{E4E1BAB6-B958-46E0-99EB-CF6E75606EE6}.Debug|iPhoneSimulator.Build.0 = Debug|Any CPU
		{E4E1BAB6-B958-46E0-99EB-CF6E75606EE6}.Debug|x64.ActiveCfg = Debug|Any CPU
		{E4E1BAB6-B958-46E0-99EB-CF6E75606EE6}.Debug|x64.Build.0 = Debug|Any CPU
		{E4E1BAB6-B958-46E0-99EB-CF6E75606EE6}.Debug|x86.ActiveCfg = Debug|Any CPU
		{E4E1BAB6-B958-46E0-99EB-CF6E75606EE6}.Debug|x86.Build.0 = Debug|Any CPU
		{E4E1BAB6-B958-46E0-99EB-CF6E75606EE6}.Release|Any CPU.ActiveCfg = Release|Any CPU
		{E4E1BAB6-B958-46E0-99EB-CF6E75606EE6}.Release|Any CPU.Build.0 = Release|Any CPU
		{E4E1BAB6-B958-46E0-99EB-CF6E75606EE6}.Release|ARM.ActiveCfg = Release|Any CPU
		{E4E1BAB6-B958-46E0-99EB-CF6E75606EE6}.Release|ARM.Build.0 = Release|Any CPU
		{E4E1BAB6-B958-46E0-99EB-CF6E75606EE6}.Release|iPhone.ActiveCfg = Release|Any CPU
		{E4E1BAB6-B958-46E0-99EB-CF6E75606EE6}.Release|iPhone.Build.0 = Release|Any CPU
		{E4E1BAB6-B958-46E0-99EB-CF6E75606EE6}.Release|iPhoneSimulator.ActiveCfg = Release|Any CPU
		{E4E1BAB6-B958-46E0-99EB-CF6E75606EE6}.Release|iPhoneSimulator.Build.0 = Release|Any CPU
		{E4E1BAB6-B958-46E0-99EB-CF6E75606EE6}.Release|x64.ActiveCfg = Release|Any CPU
		{E4E1BAB6-B958-46E0-99EB-CF6E75606EE6}.Release|x64.Build.0 = Release|Any CPU
		{E4E1BAB6-B958-46E0-99EB-CF6E75606EE6}.Release|x86.ActiveCfg = Release|Any CPU
		{E4E1BAB6-B958-46E0-99EB-CF6E75606EE6}.Release|x86.Build.0 = Release|Any CPU
		{FABD1719-6FEC-4E0F-ADFF-5C7579BAC555}.Ad-Hoc|Any CPU.ActiveCfg = Release|x86
		{FABD1719-6FEC-4E0F-ADFF-5C7579BAC555}.Ad-Hoc|Any CPU.Build.0 = Release|x86
		{FABD1719-6FEC-4E0F-ADFF-5C7579BAC555}.Ad-Hoc|Any CPU.Deploy.0 = Release|x86
		{FABD1719-6FEC-4E0F-ADFF-5C7579BAC555}.Ad-Hoc|ARM.ActiveCfg = Release|ARM
		{FABD1719-6FEC-4E0F-ADFF-5C7579BAC555}.Ad-Hoc|ARM.Build.0 = Release|ARM
		{FABD1719-6FEC-4E0F-ADFF-5C7579BAC555}.Ad-Hoc|ARM.Deploy.0 = Release|ARM
		{FABD1719-6FEC-4E0F-ADFF-5C7579BAC555}.Ad-Hoc|iPhone.ActiveCfg = Release|x86
		{FABD1719-6FEC-4E0F-ADFF-5C7579BAC555}.Ad-Hoc|iPhone.Build.0 = Release|x86
		{FABD1719-6FEC-4E0F-ADFF-5C7579BAC555}.Ad-Hoc|iPhone.Deploy.0 = Release|x86
		{FABD1719-6FEC-4E0F-ADFF-5C7579BAC555}.Ad-Hoc|iPhoneSimulator.ActiveCfg = Release|x86
		{FABD1719-6FEC-4E0F-ADFF-5C7579BAC555}.Ad-Hoc|iPhoneSimulator.Build.0 = Release|x86
		{FABD1719-6FEC-4E0F-ADFF-5C7579BAC555}.Ad-Hoc|iPhoneSimulator.Deploy.0 = Release|x86
		{FABD1719-6FEC-4E0F-ADFF-5C7579BAC555}.Ad-Hoc|x64.ActiveCfg = Release|x64
		{FABD1719-6FEC-4E0F-ADFF-5C7579BAC555}.Ad-Hoc|x64.Build.0 = Release|x64
		{FABD1719-6FEC-4E0F-ADFF-5C7579BAC555}.Ad-Hoc|x64.Deploy.0 = Release|x64
		{FABD1719-6FEC-4E0F-ADFF-5C7579BAC555}.Ad-Hoc|x86.ActiveCfg = Release|x86
		{FABD1719-6FEC-4E0F-ADFF-5C7579BAC555}.Ad-Hoc|x86.Build.0 = Release|x86
		{FABD1719-6FEC-4E0F-ADFF-5C7579BAC555}.Ad-Hoc|x86.Deploy.0 = Release|x86
		{FABD1719-6FEC-4E0F-ADFF-5C7579BAC555}.AppStore|Any CPU.ActiveCfg = Release|x86
		{FABD1719-6FEC-4E0F-ADFF-5C7579BAC555}.AppStore|Any CPU.Build.0 = Release|x86
		{FABD1719-6FEC-4E0F-ADFF-5C7579BAC555}.AppStore|Any CPU.Deploy.0 = Release|x86
		{FABD1719-6FEC-4E0F-ADFF-5C7579BAC555}.AppStore|ARM.ActiveCfg = Release|ARM
		{FABD1719-6FEC-4E0F-ADFF-5C7579BAC555}.AppStore|ARM.Build.0 = Release|ARM
		{FABD1719-6FEC-4E0F-ADFF-5C7579BAC555}.AppStore|ARM.Deploy.0 = Release|ARM
		{FABD1719-6FEC-4E0F-ADFF-5C7579BAC555}.AppStore|iPhone.ActiveCfg = Release|x86
		{FABD1719-6FEC-4E0F-ADFF-5C7579BAC555}.AppStore|iPhone.Build.0 = Release|x86
		{FABD1719-6FEC-4E0F-ADFF-5C7579BAC555}.AppStore|iPhone.Deploy.0 = Release|x86
		{FABD1719-6FEC-4E0F-ADFF-5C7579BAC555}.AppStore|iPhoneSimulator.ActiveCfg = Release|x86
		{FABD1719-6FEC-4E0F-ADFF-5C7579BAC555}.AppStore|iPhoneSimulator.Build.0 = Release|x86
		{FABD1719-6FEC-4E0F-ADFF-5C7579BAC555}.AppStore|iPhoneSimulator.Deploy.0 = Release|x86
		{FABD1719-6FEC-4E0F-ADFF-5C7579BAC555}.AppStore|x64.ActiveCfg = Release|x64
		{FABD1719-6FEC-4E0F-ADFF-5C7579BAC555}.AppStore|x64.Build.0 = Release|x64
		{FABD1719-6FEC-4E0F-ADFF-5C7579BAC555}.AppStore|x64.Deploy.0 = Release|x64
		{FABD1719-6FEC-4E0F-ADFF-5C7579BAC555}.AppStore|x86.ActiveCfg = Release|x86
		{FABD1719-6FEC-4E0F-ADFF-5C7579BAC555}.AppStore|x86.Build.0 = Release|x86
		{FABD1719-6FEC-4E0F-ADFF-5C7579BAC555}.AppStore|x86.Deploy.0 = Release|x86
		{FABD1719-6FEC-4E0F-ADFF-5C7579BAC555}.Debug|Any CPU.ActiveCfg = Debug|x86
		{FABD1719-6FEC-4E0F-ADFF-5C7579BAC555}.Debug|ARM.ActiveCfg = Debug|ARM
		{FABD1719-6FEC-4E0F-ADFF-5C7579BAC555}.Debug|ARM.Build.0 = Debug|ARM
		{FABD1719-6FEC-4E0F-ADFF-5C7579BAC555}.Debug|ARM.Deploy.0 = Debug|ARM
		{FABD1719-6FEC-4E0F-ADFF-5C7579BAC555}.Debug|iPhone.ActiveCfg = Debug|x86
		{FABD1719-6FEC-4E0F-ADFF-5C7579BAC555}.Debug|iPhoneSimulator.ActiveCfg = Debug|x86
		{FABD1719-6FEC-4E0F-ADFF-5C7579BAC555}.Debug|x64.ActiveCfg = Debug|x64
		{FABD1719-6FEC-4E0F-ADFF-5C7579BAC555}.Debug|x64.Build.0 = Debug|x64
		{FABD1719-6FEC-4E0F-ADFF-5C7579BAC555}.Debug|x64.Deploy.0 = Debug|x64
		{FABD1719-6FEC-4E0F-ADFF-5C7579BAC555}.Debug|x86.ActiveCfg = Debug|x86
		{FABD1719-6FEC-4E0F-ADFF-5C7579BAC555}.Debug|x86.Build.0 = Debug|x86
		{FABD1719-6FEC-4E0F-ADFF-5C7579BAC555}.Debug|x86.Deploy.0 = Debug|x86
		{FABD1719-6FEC-4E0F-ADFF-5C7579BAC555}.Release|Any CPU.ActiveCfg = Release|x86
		{FABD1719-6FEC-4E0F-ADFF-5C7579BAC555}.Release|ARM.ActiveCfg = Release|ARM
		{FABD1719-6FEC-4E0F-ADFF-5C7579BAC555}.Release|ARM.Build.0 = Release|ARM
		{FABD1719-6FEC-4E0F-ADFF-5C7579BAC555}.Release|ARM.Deploy.0 = Release|ARM
		{FABD1719-6FEC-4E0F-ADFF-5C7579BAC555}.Release|iPhone.ActiveCfg = Release|x86
		{FABD1719-6FEC-4E0F-ADFF-5C7579BAC555}.Release|iPhoneSimulator.ActiveCfg = Release|x86
		{FABD1719-6FEC-4E0F-ADFF-5C7579BAC555}.Release|x64.ActiveCfg = Release|x64
		{FABD1719-6FEC-4E0F-ADFF-5C7579BAC555}.Release|x64.Build.0 = Release|x64
		{FABD1719-6FEC-4E0F-ADFF-5C7579BAC555}.Release|x64.Deploy.0 = Release|x64
		{FABD1719-6FEC-4E0F-ADFF-5C7579BAC555}.Release|x86.ActiveCfg = Release|x86
		{FABD1719-6FEC-4E0F-ADFF-5C7579BAC555}.Release|x86.Build.0 = Release|x86
		{FABD1719-6FEC-4E0F-ADFF-5C7579BAC555}.Release|x86.Deploy.0 = Release|x86
		{D75A5074-BAF3-40A9-B959-DC1345C547AE}.Ad-Hoc|Any CPU.ActiveCfg = Ad-Hoc|iPhone
		{D75A5074-BAF3-40A9-B959-DC1345C547AE}.Ad-Hoc|ARM.ActiveCfg = Ad-Hoc|iPhone
		{D75A5074-BAF3-40A9-B959-DC1345C547AE}.Ad-Hoc|iPhone.ActiveCfg = Ad-Hoc|iPhone
		{D75A5074-BAF3-40A9-B959-DC1345C547AE}.Ad-Hoc|iPhone.Build.0 = Ad-Hoc|iPhone
		{D75A5074-BAF3-40A9-B959-DC1345C547AE}.Ad-Hoc|iPhoneSimulator.ActiveCfg = Ad-Hoc|iPhoneSimulator
		{D75A5074-BAF3-40A9-B959-DC1345C547AE}.Ad-Hoc|iPhoneSimulator.Build.0 = Ad-Hoc|iPhoneSimulator
		{D75A5074-BAF3-40A9-B959-DC1345C547AE}.Ad-Hoc|x64.ActiveCfg = Ad-Hoc|iPhone
		{D75A5074-BAF3-40A9-B959-DC1345C547AE}.Ad-Hoc|x86.ActiveCfg = Ad-Hoc|iPhone
		{D75A5074-BAF3-40A9-B959-DC1345C547AE}.AppStore|Any CPU.ActiveCfg = AppStore|iPhone
		{D75A5074-BAF3-40A9-B959-DC1345C547AE}.AppStore|ARM.ActiveCfg = AppStore|iPhone
		{D75A5074-BAF3-40A9-B959-DC1345C547AE}.AppStore|iPhone.ActiveCfg = AppStore|iPhone
		{D75A5074-BAF3-40A9-B959-DC1345C547AE}.AppStore|iPhone.Build.0 = AppStore|iPhone
		{D75A5074-BAF3-40A9-B959-DC1345C547AE}.AppStore|iPhoneSimulator.ActiveCfg = AppStore|iPhoneSimulator
		{D75A5074-BAF3-40A9-B959-DC1345C547AE}.AppStore|iPhoneSimulator.Build.0 = AppStore|iPhoneSimulator
		{D75A5074-BAF3-40A9-B959-DC1345C547AE}.AppStore|x64.ActiveCfg = AppStore|iPhone
		{D75A5074-BAF3-40A9-B959-DC1345C547AE}.AppStore|x86.ActiveCfg = AppStore|iPhone
		{D75A5074-BAF3-40A9-B959-DC1345C547AE}.Debug|Any CPU.ActiveCfg = Debug|iPhone
		{D75A5074-BAF3-40A9-B959-DC1345C547AE}.Debug|ARM.ActiveCfg = Debug|iPhone
		{D75A5074-BAF3-40A9-B959-DC1345C547AE}.Debug|iPhone.ActiveCfg = Debug|iPhone
		{D75A5074-BAF3-40A9-B959-DC1345C547AE}.Debug|iPhone.Build.0 = Debug|iPhone
		{D75A5074-BAF3-40A9-B959-DC1345C547AE}.Debug|iPhoneSimulator.ActiveCfg = Debug|iPhoneSimulator
		{D75A5074-BAF3-40A9-B959-DC1345C547AE}.Debug|iPhoneSimulator.Build.0 = Debug|iPhoneSimulator
		{D75A5074-BAF3-40A9-B959-DC1345C547AE}.Debug|x64.ActiveCfg = Debug|iPhone
		{D75A5074-BAF3-40A9-B959-DC1345C547AE}.Debug|x86.ActiveCfg = Debug|iPhone
		{D75A5074-BAF3-40A9-B959-DC1345C547AE}.Release|Any CPU.ActiveCfg = Release|iPhone
		{D75A5074-BAF3-40A9-B959-DC1345C547AE}.Release|ARM.ActiveCfg = Release|iPhone
		{D75A5074-BAF3-40A9-B959-DC1345C547AE}.Release|iPhone.ActiveCfg = Release|iPhone
		{D75A5074-BAF3-40A9-B959-DC1345C547AE}.Release|iPhone.Build.0 = Release|iPhone
		{D75A5074-BAF3-40A9-B959-DC1345C547AE}.Release|iPhoneSimulator.ActiveCfg = Release|iPhoneSimulator
		{D75A5074-BAF3-40A9-B959-DC1345C547AE}.Release|iPhoneSimulator.Build.0 = Release|iPhoneSimulator
		{D75A5074-BAF3-40A9-B959-DC1345C547AE}.Release|x64.ActiveCfg = Release|iPhone
		{D75A5074-BAF3-40A9-B959-DC1345C547AE}.Release|x86.ActiveCfg = Release|iPhone
	EndGlobalSection
	GlobalSection(SolutionProperties) = preSolution
		HideSolutionNode = FALSE
	EndGlobalSection
EndGlobal
